
Microsoft Visual Studio Solution File, Format Version 12.00
# Visual Studio 14
VisualStudioVersion = 14.0.24720.0
MinimumVisualStudioVersion = 10.0.40219.1
Project("{2150E333-8FDC-42A3-9474-1A3956D46DE8}") = "0 - Presentation", "0 - Presentation", "{CBE24615-3ACD-4A40-B340-8A5F960E8E54}"
EndProject
Project("{2150E333-8FDC-42A3-9474-1A3956D46DE8}") = "1 - Services", "1 - Services", "{504B327E-00DC-4EFF-B811-57F772446BAF}"
EndProject
Project("{2150E333-8FDC-42A3-9474-1A3956D46DE8}") = "2 - Application", "2 - Application", "{65CDB1FE-A3FB-45AE-AAD6-2F4975E9FAB1}"
EndProject
Project("{2150E333-8FDC-42A3-9474-1A3956D46DE8}") = "3 - Domain", "3 - Domain", "{21C9665F-2F78-4113-83CE-4E71C5E5CCA1}"
EndProject
Project("{2150E333-8FDC-42A3-9474-1A3956D46DE8}") = "4 - Infra", "4 - Infra", "{705786BB-57EC-4D54-8194-D4518C136963}"
EndProject
Project("{2150E333-8FDC-42A3-9474-1A3956D46DE8}") = "4.1 - Data", "4.1 - Data", "{D36F1F52-CE98-4FF7-BA9D-33AD8252DC01}"
EndProject
Project("{2150E333-8FDC-42A3-9474-1A3956D46DE8}") = "4.2 - Crosscuntting", "4.2 - Crosscuntting", "{07E7F4C6-6679-444A-AF7D-8CF4579B19D8}"
EndProject
Project("{FAE04EC0-301F-11D3-BF4B-00C04F79EFBC}") = "DDD.MVC", "DDD.MVC\DDD.MVC.csproj", "{EDA2F60B-20A0-41E2-838D-7CCBEFC14C99}"
EndProject
Project("{FAE04EC0-301F-11D3-BF4B-00C04F79EFBC}") = "DDD.Domain", "DDD.Domain\DDD.Domain.csproj", "{D2DB5A7D-0C68-4047-89BC-9B0A541F4042}"
EndProject
Project("{FAE04EC0-301F-11D3-BF4B-00C04F79EFBC}") = "DDD.Infra.Data", "DDD.Infra.Data\DDD.Infra.Data.csproj", "{2759F235-D1A6-4655-8651-FF790D32A4CA}"
EndProject
Project("{FAE04EC0-301F-11D3-BF4B-00C04F79EFBC}") = "DDD.Application", "DDD.Application\DDD.Application.csproj", "{470CFB8B-7466-4467-98E4-E1E43EB9BC5D}"
EndProject
Global
	GlobalSection(SolutionConfigurationPlatforms) = preSolution
		Debug|Any CPU = Debug|Any CPU
		Release|Any CPU = Release|Any CPU
	EndGlobalSection
	GlobalSection(ProjectConfigurationPlatforms) = postSolution
		{EDA2F60B-20A0-41E2-838D-7CCBEFC14C99}.Debug|Any CPU.ActiveCfg = Debug|Any CPU
		{EDA2F60B-20A0-41E2-838D-7CCBEFC14C99}.Debug|Any CPU.Build.0 = Debug|Any CPU
		{EDA2F60B-20A0-41E2-838D-7CCBEFC14C99}.Release|Any CPU.ActiveCfg = Release|Any CPU
		{EDA2F60B-20A0-41E2-838D-7CCBEFC14C99}.Release|Any CPU.Build.0 = Release|Any CPU
		{D2DB5A7D-0C68-4047-89BC-9B0A541F4042}.Debug|Any CPU.ActiveCfg = Debug|Any CPU
		{D2DB5A7D-0C68-4047-89BC-9B0A541F4042}.Debug|Any CPU.Build.0 = Debug|Any CPU
		{D2DB5A7D-0C68-4047-89BC-9B0A541F4042}.Release|Any CPU.ActiveCfg = Release|Any CPU
		{D2DB5A7D-0C68-4047-89BC-9B0A541F4042}.Release|Any CPU.Build.0 = Release|Any CPU
		{2759F235-D1A6-4655-8651-FF790D32A4CA}.Debug|Any CPU.ActiveCfg = Debug|Any CPU
		{2759F235-D1A6-4655-8651-FF790D32A4CA}.Debug|Any CPU.Build.0 = Debug|Any CPU
		{2759F235-D1A6-4655-8651-FF790D32A4CA}.Release|Any CPU.ActiveCfg = Release|Any CPU
		{2759F235-D1A6-4655-8651-FF790D32A4CA}.Release|Any CPU.Build.0 = Release|Any CPU
		{470CFB8B-7466-4467-98E4-E1E43EB9BC5D}.Debug|Any CPU.ActiveCfg = Debug|Any CPU
		{470CFB8B-7466-4467-98E4-E1E43EB9BC5D}.Debug|Any CPU.Build.0 = Debug|Any CPU
		{470CFB8B-7466-4467-98E4-E1E43EB9BC5D}.Release|Any CPU.ActiveCfg = Release|Any CPU
		{470CFB8B-7466-4467-98E4-E1E43EB9BC5D}.Release|Any CPU.Build.0 = Release|Any CPU
	EndGlobalSection
	GlobalSection(SolutionProperties) = preSolution
		HideSolutionNode = FALSE
	EndGlobalSection
	GlobalSection(NestedProjects) = preSolution
		{D36F1F52-CE98-4FF7-BA9D-33AD8252DC01} = {705786BB-57EC-4D54-8194-D4518C136963}
		{07E7F4C6-6679-444A-AF7D-8CF4579B19D8} = {705786BB-57EC-4D54-8194-D4518C136963}
		{EDA2F60B-20A0-41E2-838D-7CCBEFC14C99} = {CBE24615-3ACD-4A40-B340-8A5F960E8E54}
		{D2DB5A7D-0C68-4047-89BC-9B0A541F4042} = {21C9665F-2F78-4113-83CE-4E71C5E5CCA1}
		{2759F235-D1A6-4655-8651-FF790D32A4CA} = {D36F1F52-CE98-4FF7-BA9D-33AD8252DC01}
		{470CFB8B-7466-4467-98E4-E1E43EB9BC5D} = {65CDB1FE-A3FB-45AE-AAD6-2F4975E9FAB1}
	EndGlobalSection
EndGlobal
